
Microsoft Visual Studio Solution File, Format Version 12.00
# Visual Studio 15
VisualStudioVersion = 15.0.27428.2002
MinimumVisualStudioVersion = 10.0.40219.1
Project("{FAE04EC0-301F-11D3-BF4B-00C04F79EFBC}") = "DataLayerDemo_04_DataLayers_EntityClasses_UI", "DataLayerDemo_04_DataLayers_EntityClasses_UI\DataLayerDemo_04_DataLayers_EntityClasses_UI.csproj", "{AC058F31-EDD5-4AE2-84DD-B41B8C491100}"
EndProject
Global
	GlobalSection(SolutionConfigurationPlatforms) = preSolution
		Debug|Any CPU = Debug|Any CPU
		Release|Any CPU = Release|Any CPU
	EndGlobalSection
	GlobalSection(ProjectConfigurationPlatforms) = postSolution
		{AC058F31-EDD5-4AE2-84DD-B41B8C491100}.Debug|Any CPU.ActiveCfg = Debug|Any CPU
		{AC058F31-EDD5-4AE2-84DD-B41B8C491100}.Debug|Any CPU.Build.0 = Debug|Any CPU
		{AC058F31-EDD5-4AE2-84DD-B41B8C491100}.Release|Any CPU.ActiveCfg = Release|Any CPU
		{AC058F31-EDD5-4AE2-84DD-B41B8C491100}.Release|Any CPU.Build.0 = Release|Any CPU
	EndGlobalSection
	GlobalSection(SolutionProperties) = preSolution
		HideSolutionNode = FALSE
	EndGlobalSection
	GlobalSection(ExtensibilityGlobals) = postSolution
		SolutionGuid = {AC59D77E-67AD-44C9-AC08-BACDE690DD95}
	EndGlobalSection
EndGlobal
